
Microsoft Visual Studio Solution File, Format Version 12.00
# Visual Studio Version 17
VisualStudioVersion = 17.2.32616.157
MinimumVisualStudioVersion = 10.0.40219.1
Project("{2150E333-8FDC-42A3-9474-1A3956D46DE8}") = "Solution Items", "Solution Items", "{E7A16333-6FAC-4073-BB4D-D8BF280A693C}"
	ProjectSection(SolutionItems) = preProject
		.editorconfig = .editorconfig
		.gitignore = .gitignore
		.gitmodules = .gitmodules
		dir.props = dir.props
		global.json = global.json
		LICENSE.txt = LICENSE.txt
		nuget.conf = nuget.conf
		README.md = README.md
	EndProjectSection
EndProject
Project("{2150E333-8FDC-42A3-9474-1A3956D46DE8}") = "src", "src", "{2DC83484-58CA-46C6-B571-85F7B8305A6F}"
	ProjectSection(SolutionItems) = preProject
		src\dir.props = src\dir.props
	EndProjectSection
EndProject
Project("{9A19103F-16F7-4668-BE54-9A1E7A4F7556}") = "Nsharp.Ninja", "src\Nsharp.Ninja\Nsharp.Ninja.csproj", "{68FB65A4-6DE7-4DD5-A060-8912789CE225}"
EndProject
Project("{2150E333-8FDC-42A3-9474-1A3956D46DE8}") = ".github", ".github", "{F3DBBD17-67FC-4702-AD0D-B0594B6C292A}"
EndProject
Project("{2150E333-8FDC-42A3-9474-1A3956D46DE8}") = "workflows", "workflows", "{7C64E566-43E9-4B7B-B51A-12331BBC8687}"
	ProjectSection(SolutionItems) = preProject
		.github\workflows\main.yml = .github\workflows\main.yml
	EndProjectSection
EndProject
Project("{2150E333-8FDC-42A3-9474-1A3956D46DE8}") = "libs", "libs", "{623B4377-9A8F-47D2-AE61-85220B71E6B9}"
EndProject
Project("{2150E333-8FDC-42A3-9474-1A3956D46DE8}") = "ninja", "ninja", "{B028F689-0074-47BA-BE76-04DC6EACE902}"
	ProjectSection(SolutionItems) = preProject
		libs\ninja\CMakeLists.txt = libs\ninja\CMakeLists.txt
	EndProjectSection
EndProject
Project("{FAE04EC0-301F-11D3-BF4B-00C04F79EFBC}") = "Nsharp.Ninja.runtime.win-x64", "src\Nsharp.Ninja.runtime.win-x64\Nsharp.Ninja.runtime.win-x64.csproj", "{874556E0-532A-43F7-8A2B-51C36A4CC7A2}"
EndProject
Project("{9A19103F-16F7-4668-BE54-9A1E7A4F7556}") = "Nsharp.Ninja.runtime.linux-x64", "src\Nsharp.Ninja.runtime.linux-x64\Nsharp.Ninja.runtime.linux-x64.csproj", "{46467F92-2DED-4013-AF67-CBBCAB726334}"
EndProject
Project("{9A19103F-16F7-4668-BE54-9A1E7A4F7556}") = "Nsharp.Ninja.runtime.osx-x64", "src\Nsharp.Ninja.runtime.osx-x64\Nsharp.Ninja.runtime.osx-x64.csproj", "{7E49B65F-F8C4-4440-9246-DDD50678E391}"
EndProject
Global
	GlobalSection(SolutionConfigurationPlatforms) = preSolution
		Debug|Any CPU = Debug|Any CPU
		Release|Any CPU = Release|Any CPU
	EndGlobalSection
	GlobalSection(ProjectConfigurationPlatforms) = postSolution
		{68FB65A4-6DE7-4DD5-A060-8912789CE225}.Debug|Any CPU.ActiveCfg = Debug|Any CPU
		{68FB65A4-6DE7-4DD5-A060-8912789CE225}.Debug|Any CPU.Build.0 = Debug|Any CPU
		{68FB65A4-6DE7-4DD5-A060-8912789CE225}.Release|Any CPU.ActiveCfg = Release|Any CPU
		{68FB65A4-6DE7-4DD5-A060-8912789CE225}.Release|Any CPU.Build.0 = Release|Any CPU
		{874556E0-532A-43F7-8A2B-51C36A4CC7A2}.Debug|Any CPU.ActiveCfg = Debug|Any CPU
		{874556E0-532A-43F7-8A2B-51C36A4CC7A2}.Debug|Any CPU.Build.0 = Debug|Any CPU
		{874556E0-532A-43F7-8A2B-51C36A4CC7A2}.Release|Any CPU.ActiveCfg = Release|Any CPU
		{874556E0-532A-43F7-8A2B-51C36A4CC7A2}.Release|Any CPU.Build.0 = Release|Any CPU
		{46467F92-2DED-4013-AF67-CBBCAB726334}.Debug|Any CPU.ActiveCfg = Debug|Any CPU
		{46467F92-2DED-4013-AF67-CBBCAB726334}.Debug|Any CPU.Build.0 = Debug|Any CPU
		{46467F92-2DED-4013-AF67-CBBCAB726334}.Release|Any CPU.ActiveCfg = Release|Any CPU
		{46467F92-2DED-4013-AF67-CBBCAB726334}.Release|Any CPU.Build.0 = Release|Any CPU
		{7E49B65F-F8C4-4440-9246-DDD50678E391}.Debug|Any CPU.ActiveCfg = Debug|Any CPU
		{7E49B65F-F8C4-4440-9246-DDD50678E391}.Debug|Any CPU.Build.0 = Debug|Any CPU
		{7E49B65F-F8C4-4440-9246-DDD50678E391}.Release|Any CPU.ActiveCfg = Release|Any CPU
		{7E49B65F-F8C4-4440-9246-DDD50678E391}.Release|Any CPU.Build.0 = Release|Any CPU
	EndGlobalSection
	GlobalSection(SolutionProperties) = preSolution
		HideSolutionNode = FALSE
	EndGlobalSection
	GlobalSection(NestedProjects) = preSolution
		{68FB65A4-6DE7-4DD5-A060-8912789CE225} = {2DC83484-58CA-46C6-B571-85F7B8305A6F}
		{7C64E566-43E9-4B7B-B51A-12331BBC8687} = {F3DBBD17-67FC-4702-AD0D-B0594B6C292A}
		{B028F689-0074-47BA-BE76-04DC6EACE902} = {623B4377-9A8F-47D2-AE61-85220B71E6B9}
		{874556E0-532A-43F7-8A2B-51C36A4CC7A2} = {2DC83484-58CA-46C6-B571-85F7B8305A6F}
		{46467F92-2DED-4013-AF67-CBBCAB726334} = {2DC83484-58CA-46C6-B571-85F7B8305A6F}
		{7E49B65F-F8C4-4440-9246-DDD50678E391} = {2DC83484-58CA-46C6-B571-85F7B8305A6F}
	EndGlobalSection
	GlobalSection(ExtensibilityGlobals) = postSolution
		SolutionGuid = {8B1C5F00-7924-421F-8B51-D7DCF4C137CC}
	EndGlobalSection
EndGlobal
